// !$*UTF8*$!
{
	archiveVersion = 1;
	classes = {
	};
	objectVersion = 46;
	objects = {

/* Begin PBXBuildFile section */
		E600CA311B0CBA5C00F818A8 /* test.html in Resources */ = {isa = PBXBuildFile; fileRef = E600CA301B0CBA5C00F818A8 /* test.html */; };
		E6185B861ACD5FFF00E45AEB /* main.m in Sources */ = {isa = PBXBuildFile; fileRef = E6185B851ACD5FFF00E45AEB /* main.m */; };
		E6185B891ACD5FFF00E45AEB /* AppDelegate.m in Sources */ = {isa = PBXBuildFile; fileRef = E6185B881ACD5FFF00E45AEB /* AppDelegate.m */; };
		E6185B8C1ACD5FFF00E45AEB /* ViewController.m in Sources */ = {isa = PBXBuildFile; fileRef = E6185B8B1ACD5FFF00E45AEB /* ViewController.m */; };
		E6185B911ACD5FFF00E45AEB /* Images.xcassets in Resources */ = {isa = PBXBuildFile; fileRef = E6185B901ACD5FFF00E45AEB /* Images.xcassets */; };
		E6185B941ACD5FFF00E45AEB /* LaunchScreen.xib in Resources */ = {isa = PBXBuildFile; fileRef = E6185B921ACD5FFF00E45AEB /* LaunchScreen.xib */; };
		E6185BA01ACD5FFF00E45AEB /* RizeerClientIosTests.m in Sources */ = {isa = PBXBuildFile; fileRef = E6185B9F1ACD5FFF00E45AEB /* RizeerClientIosTests.m */; };
		E6185C371ACD687600E45AEB /* SWRevealViewController.m in Sources */ = {isa = PBXBuildFile; fileRef = E6185C361ACD687600E45AEB /* SWRevealViewController.m */; };
		E6185C3A1ACD72FA00E45AEB /* NavigationViewController.m in Sources */ = {isa = PBXBuildFile; fileRef = E6185C391ACD72FA00E45AEB /* NavigationViewController.m */; };
		E61DF1C31AE2A29100796DB0 /* AFHTTPRequestOperation.m in Sources */ = {isa = PBXBuildFile; fileRef = E61DF1861AE2A29100796DB0 /* AFHTTPRequestOperation.m */; };
		E61DF1C41AE2A29100796DB0 /* AFHTTPRequestOperationManager.m in Sources */ = {isa = PBXBuildFile; fileRef = E61DF1881AE2A29100796DB0 /* AFHTTPRequestOperationManager.m */; };
		E61DF1C51AE2A29100796DB0 /* AFHTTPSessionManager.m in Sources */ = {isa = PBXBuildFile; fileRef = E61DF18A1AE2A29100796DB0 /* AFHTTPSessionManager.m */; };
		E61DF1C61AE2A29100796DB0 /* AFNetworkReachabilityManager.m in Sources */ = {isa = PBXBuildFile; fileRef = E61DF18D1AE2A29100796DB0 /* AFNetworkReachabilityManager.m */; };
		E61DF1C71AE2A29100796DB0 /* AFSecurityPolicy.m in Sources */ = {isa = PBXBuildFile; fileRef = E61DF18F1AE2A29100796DB0 /* AFSecurityPolicy.m */; };
		E61DF1C81AE2A29100796DB0 /* AFURLConnectionOperation.m in Sources */ = {isa = PBXBuildFile; fileRef = E61DF1911AE2A29100796DB0 /* AFURLConnectionOperation.m */; };
		E61DF1C91AE2A29100796DB0 /* AFURLRequestSerialization.m in Sources */ = {isa = PBXBuildFile; fileRef = E61DF1931AE2A29100796DB0 /* AFURLRequestSerialization.m */; };
		E61DF1CA1AE2A29100796DB0 /* AFURLResponseSerialization.m in Sources */ = {isa = PBXBuildFile; fileRef = E61DF1951AE2A29100796DB0 /* AFURLResponseSerialization.m */; };
		E61DF1CB1AE2A29100796DB0 /* AFURLSessionManager.m in Sources */ = {isa = PBXBuildFile; fileRef = E61DF1971AE2A29100796DB0 /* AFURLSessionManager.m */; };
		E61DF1CC1AE2A29100796DB0 /* AFNetworkActivityIndicatorManager.m in Sources */ = {isa = PBXBuildFile; fileRef = E61DF19A1AE2A29100796DB0 /* AFNetworkActivityIndicatorManager.m */; };
		E61DF1DA1AE2A29100796DB0 /* UIActivityIndicatorView+AFNetworking.m in Sources */ = {isa = PBXBuildFile; fileRef = E61DF1B51AE2A29100796DB0 /* UIActivityIndicatorView+AFNetworking.m */; };
		E61DF1DB1AE2A29100796DB0 /* UIAlertView+AFNetworking.m in Sources */ = {isa = PBXBuildFile; fileRef = E61DF1B71AE2A29100796DB0 /* UIAlertView+AFNetworking.m */; };
		E61DF1DC1AE2A29100796DB0 /* UIButton+AFNetworking.m in Sources */ = {isa = PBXBuildFile; fileRef = E61DF1B91AE2A29100796DB0 /* UIButton+AFNetworking.m */; };
		E61DF1DD1AE2A29100796DB0 /* UIImageView+AFNetworking.m in Sources */ = {isa = PBXBuildFile; fileRef = E61DF1BB1AE2A29100796DB0 /* UIImageView+AFNetworking.m */; };
		E61DF1DE1AE2A29100796DB0 /* UIProgressView+AFNetworking.m in Sources */ = {isa = PBXBuildFile; fileRef = E61DF1BE1AE2A29100796DB0 /* UIProgressView+AFNetworking.m */; };
		E61DF1DF1AE2A29100796DB0 /* UIRefreshControl+AFNetworking.m in Sources */ = {isa = PBXBuildFile; fileRef = E61DF1C01AE2A29100796DB0 /* UIRefreshControl+AFNetworking.m */; };
		E61DF1E01AE2A29100796DB0 /* UIWebView+AFNetworking.m in Sources */ = {isa = PBXBuildFile; fileRef = E61DF1C21AE2A29100796DB0 /* UIWebView+AFNetworking.m */; };
		E61DF1E61AE2BD0E00796DB0 /* Main.storyboard in Resources */ = {isa = PBXBuildFile; fileRef = E61DF1E51AE2BD0E00796DB0 /* Main.storyboard */; };
		E635F0371AD5669F00D41E08 /* ConnexionViewContoller.m in Sources */ = {isa = PBXBuildFile; fileRef = E635F0361AD5669F00D41E08 /* ConnexionViewContoller.m */; };
		E661ACA01AD3343600916852 /* RadioViewController.m in Sources */ = {isa = PBXBuildFile; fileRef = E661AC9F1AD3343600916852 /* RadioViewController.m */; };
		E673C4DC1AD6AF54006AF698 /* lecteurViewController.m in Sources */ = {isa = PBXBuildFile; fileRef = E673C4DB1AD6AF54006AF698 /* lecteurViewController.m */; };
		E673C4DF1AD6B1E4006AF698 /* TokenController.m in Sources */ = {isa = PBXBuildFile; fileRef = E673C4DE1AD6B1E4006AF698 /* TokenController.m */; };
		E673C4E11AD8257B006AF698 /* note-de-musique.png in Resources */ = {isa = PBXBuildFile; fileRef = E673C4E01AD8257B006AF698 /* note-de-musique.png */; };
		E673C4E41AD8311C006AF698 /* AVFoundation.framework in Frameworks */ = {isa = PBXBuildFile; fileRef = E673C4E21AD8311C006AF698 /* AVFoundation.framework */; };
		E673C4E51AD8311C006AF698 /* AVKit.framework in Frameworks */ = {isa = PBXBuildFile; fileRef = E673C4E31AD8311C006AF698 /* AVKit.framework */; };
		E673C4E81AD98C03006AF698 /* 01-sofiane-echec_et_mat.mp3 in Resources */ = {isa = PBXBuildFile; fileRef = E673C4E71AD98C03006AF698 /* 01-sofiane-echec_et_mat.mp3 */; };
		E6A1D5321B07522E00555A2C /* InscriptionViewController.m in Sources */ = {isa = PBXBuildFile; fileRef = E6A1D5311B07522E00555A2C /* InscriptionViewController.m */; };
/* End PBXBuildFile section */

/* Begin PBXContainerItemProxy section */
		E6185B9A1ACD5FFF00E45AEB /* PBXContainerItemProxy */ = {
			isa = PBXContainerItemProxy;
			containerPortal = E6185B781ACD5FFF00E45AEB /* Project object */;
			proxyType = 1;
			remoteGlobalIDString = E6185B7F1ACD5FFF00E45AEB;
			remoteInfo = RizeerClientIos;
		};
/* End PBXContainerItemProxy section */

/* Begin PBXFileReference section */
		E600CA301B0CBA5C00F818A8 /* test.html */ = {isa = PBXFileReference; fileEncoding = 4; lastKnownFileType = text.html; path = test.html; sourceTree = "<group>"; };
		E6185B801ACD5FFF00E45AEB /* RizeerClientIos.app */ = {isa = PBXFileReference; explicitFileType = wrapper.application; includeInIndex = 0; path = RizeerClientIos.app; sourceTree = BUILT_PRODUCTS_DIR; };
		E6185B841ACD5FFF00E45AEB /* Info.plist */ = {isa = PBXFileReference; lastKnownFileType = text.plist.xml; path = Info.plist; sourceTree = "<group>"; };
		E6185B851ACD5FFF00E45AEB /* main.m */ = {isa = PBXFileReference; lastKnownFileType = sourcecode.c.objc; path = main.m; sourceTree = "<group>"; };
		E6185B871ACD5FFF00E45AEB /* AppDelegate.h */ = {isa = PBXFileReference; lastKnownFileType = sourcecode.c.h; path = AppDelegate.h; sourceTree = "<group>"; };
		E6185B881ACD5FFF00E45AEB /* AppDelegate.m */ = {isa = PBXFileReference; lastKnownFileType = sourcecode.c.objc; path = AppDelegate.m; sourceTree = "<group>"; };
		E6185B8A1ACD5FFF00E45AEB /* ViewController.h */ = {isa = PBXFileReference; lastKnownFileType = sourcecode.c.h; path = ViewController.h; sourceTree = "<group>"; };
		E6185B8B1ACD5FFF00E45AEB /* ViewController.m */ = {isa = PBXFileReference; lastKnownFileType = sourcecode.c.objc; path = ViewController.m; sourceTree = "<group>"; };
		E6185B901ACD5FFF00E45AEB /* Images.xcassets */ = {isa = PBXFileReference; lastKnownFileType = folder.assetcatalog; path = Images.xcassets; sourceTree = "<group>"; };
		E6185B931ACD5FFF00E45AEB /* Base */ = {isa = PBXFileReference; lastKnownFileType = file.xib; name = Base; path = Base.lproj/LaunchScreen.xib; sourceTree = "<group>"; };
		E6185B991ACD5FFF00E45AEB /* RizeerClientIosTests.xctest */ = {isa = PBXFileReference; explicitFileType = wrapper.cfbundle; includeInIndex = 0; path = RizeerClientIosTests.xctest; sourceTree = BUILT_PRODUCTS_DIR; };
		E6185B9E1ACD5FFF00E45AEB /* Info.plist */ = {isa = PBXFileReference; lastKnownFileType = text.plist.xml; path = Info.plist; sourceTree = "<group>"; };
		E6185B9F1ACD5FFF00E45AEB /* RizeerClientIosTests.m */ = {isa = PBXFileReference; lastKnownFileType = sourcecode.c.objc; path = RizeerClientIosTests.m; sourceTree = "<group>"; };
		E6185C351ACD687600E45AEB /* SWRevealViewController.h */ = {isa = PBXFileReference; fileEncoding = 4; lastKnownFileType = sourcecode.c.h; path = SWRevealViewController.h; sourceTree = "<group>"; };
		E6185C361ACD687600E45AEB /* SWRevealViewController.m */ = {isa = PBXFileReference; fileEncoding = 4; lastKnownFileType = sourcecode.c.objc; path = SWRevealViewController.m; sourceTree = "<group>"; };
		E6185C381ACD72FA00E45AEB /* NavigationViewController.h */ = {isa = PBXFileReference; fileEncoding = 4; lastKnownFileType = sourcecode.c.h; path = NavigationViewController.h; sourceTree = "<group>"; };
		E6185C391ACD72FA00E45AEB /* NavigationViewController.m */ = {isa = PBXFileReference; fileEncoding = 4; lastKnownFileType = sourcecode.c.objc; path = NavigationViewController.m; sourceTree = "<group>"; };
		E61DF1851AE2A29100796DB0 /* AFHTTPRequestOperation.h */ = {isa = PBXFileReference; fileEncoding = 4; lastKnownFileType = sourcecode.c.h; path = AFHTTPRequestOperation.h; sourceTree = "<group>"; };
		E61DF1861AE2A29100796DB0 /* AFHTTPRequestOperation.m */ = {isa = PBXFileReference; fileEncoding = 4; lastKnownFileType = sourcecode.c.objc; path = AFHTTPRequestOperation.m; sourceTree = "<group>"; };
		E61DF1871AE2A29100796DB0 /* AFHTTPRequestOperationManager.h */ = {isa = PBXFileReference; fileEncoding = 4; lastKnownFileType = sourcecode.c.h; path = AFHTTPRequestOperationManager.h; sourceTree = "<group>"; };
		E61DF1881AE2A29100796DB0 /* AFHTTPRequestOperationManager.m */ = {isa = PBXFileReference; fileEncoding = 4; lastKnownFileType = sourcecode.c.objc; path = AFHTTPRequestOperationManager.m; sourceTree = "<group>"; };
		E61DF1891AE2A29100796DB0 /* AFHTTPSessionManager.h */ = {isa = PBXFileReference; fileEncoding = 4; lastKnownFileType = sourcecode.c.h; path = AFHTTPSessionManager.h; sourceTree = "<group>"; };
		E61DF18A1AE2A29100796DB0 /* AFHTTPSessionManager.m */ = {isa = PBXFileReference; fileEncoding = 4; lastKnownFileType = sourcecode.c.objc; path = AFHTTPSessionManager.m; sourceTree = "<group>"; };
		E61DF18B1AE2A29100796DB0 /* AFNetworking.h */ = {isa = PBXFileReference; fileEncoding = 4; lastKnownFileType = sourcecode.c.h; path = AFNetworking.h; sourceTree = "<group>"; };
		E61DF18C1AE2A29100796DB0 /* AFNetworkReachabilityManager.h */ = {isa = PBXFileReference; fileEncoding = 4; lastKnownFileType = sourcecode.c.h; path = AFNetworkReachabilityManager.h; sourceTree = "<group>"; };
		E61DF18D1AE2A29100796DB0 /* AFNetworkReachabilityManager.m */ = {isa = PBXFileReference; fileEncoding = 4; lastKnownFileType = sourcecode.c.objc; path = AFNetworkReachabilityManager.m; sourceTree = "<group>"; };
		E61DF18E1AE2A29100796DB0 /* AFSecurityPolicy.h */ = {isa = PBXFileReference; fileEncoding = 4; lastKnownFileType = sourcecode.c.h; path = AFSecurityPolicy.h; sourceTree = "<group>"; };
		E61DF18F1AE2A29100796DB0 /* AFSecurityPolicy.m */ = {isa = PBXFileReference; fileEncoding = 4; lastKnownFileType = sourcecode.c.objc; path = AFSecurityPolicy.m; sourceTree = "<group>"; };
		E61DF1901AE2A29100796DB0 /* AFURLConnectionOperation.h */ = {isa = PBXFileReference; fileEncoding = 4; lastKnownFileType = sourcecode.c.h; path = AFURLConnectionOperation.h; sourceTree = "<group>"; };
		E61DF1911AE2A29100796DB0 /* AFURLConnectionOperation.m */ = {isa = PBXFileReference; fileEncoding = 4; lastKnownFileType = sourcecode.c.objc; path = AFURLConnectionOperation.m; sourceTree = "<group>"; };
		E61DF1921AE2A29100796DB0 /* AFURLRequestSerialization.h */ = {isa = PBXFileReference; fileEncoding = 4; lastKnownFileType = sourcecode.c.h; path = AFURLRequestSerialization.h; sourceTree = "<group>"; };
		E61DF1931AE2A29100796DB0 /* AFURLRequestSerialization.m */ = {isa = PBXFileReference; fileEncoding = 4; lastKnownFileType = sourcecode.c.objc; path = AFURLRequestSerialization.m; sourceTree = "<group>"; };
		E61DF1941AE2A29100796DB0 /* AFURLResponseSerialization.h */ = {isa = PBXFileReference; fileEncoding = 4; lastKnownFileType = sourcecode.c.h; path = AFURLResponseSerialization.h; sourceTree = "<group>"; };
		E61DF1951AE2A29100796DB0 /* AFURLResponseSerialization.m */ = {isa = PBXFileReference; fileEncoding = 4; lastKnownFileType = sourcecode.c.objc; path = AFURLResponseSerialization.m; sourceTree = "<group>"; };
		E61DF1961AE2A29100796DB0 /* AFURLSessionManager.h */ = {isa = PBXFileReference; fileEncoding = 4; lastKnownFileType = sourcecode.c.h; path = AFURLSessionManager.h; sourceTree = "<group>"; };
		E61DF1971AE2A29100796DB0 /* AFURLSessionManager.m */ = {isa = PBXFileReference; fileEncoding = 4; lastKnownFileType = sourcecode.c.objc; path = AFURLSessionManager.m; sourceTree = "<group>"; };
		E61DF1991AE2A29100796DB0 /* AFNetworkActivityIndicatorManager.h */ = {isa = PBXFileReference; fileEncoding = 4; lastKnownFileType = sourcecode.c.h; path = AFNetworkActivityIndicatorManager.h; sourceTree = "<group>"; };
		E61DF19A1AE2A29100796DB0 /* AFNetworkActivityIndicatorManager.m */ = {isa = PBXFileReference; fileEncoding = 4; lastKnownFileType = sourcecode.c.objc; path = AFNetworkActivityIndicatorManager.m; sourceTree = "<group>"; };
		E61DF1B41AE2A29100796DB0 /* UIActivityIndicatorView+AFNetworking.h */ = {isa = PBXFileReference; fileEncoding = 4; lastKnownFileType = sourcecode.c.h; path = "UIActivityIndicatorView+AFNetworking.h"; sourceTree = "<group>"; };
		E61DF1B51AE2A29100796DB0 /* UIActivityIndicatorView+AFNetworking.m */ = {isa = PBXFileReference; fileEncoding = 4; lastKnownFileType = sourcecode.c.objc; path = "UIActivityIndicatorView+AFNetworking.m"; sourceTree = "<group>"; };
		E61DF1B61AE2A29100796DB0 /* UIAlertView+AFNetworking.h */ = {isa = PBXFileReference; fileEncoding = 4; lastKnownFileType = sourcecode.c.h; path = "UIAlertView+AFNetworking.h"; sourceTree = "<group>"; };
		E61DF1B71AE2A29100796DB0 /* UIAlertView+AFNetworking.m */ = {isa = PBXFileReference; fileEncoding = 4; lastKnownFileType = sourcecode.c.objc; path = "UIAlertView+AFNetworking.m"; sourceTree = "<group>"; };
		E61DF1B81AE2A29100796DB0 /* UIButton+AFNetworking.h */ = {isa = PBXFileReference; fileEncoding = 4; lastKnownFileType = sourcecode.c.h; path = "UIButton+AFNetworking.h"; sourceTree = "<group>"; };
		E61DF1B91AE2A29100796DB0 /* UIButton+AFNetworking.m */ = {isa = PBXFileReference; fileEncoding = 4; lastKnownFileType = sourcecode.c.objc; path = "UIButton+AFNetworking.m"; sourceTree = "<group>"; };
		E61DF1BA1AE2A29100796DB0 /* UIImageView+AFNetworking.h */ = {isa = PBXFileReference; fileEncoding = 4; lastKnownFileType = sourcecode.c.h; path = "UIImageView+AFNetworking.h"; sourceTree = "<group>"; };
		E61DF1BB1AE2A29100796DB0 /* UIImageView+AFNetworking.m */ = {isa = PBXFileReference; fileEncoding = 4; lastKnownFileType = sourcecode.c.objc; path = "UIImageView+AFNetworking.m"; sourceTree = "<group>"; };
		E61DF1BC1AE2A29100796DB0 /* UIKit+AFNetworking.h */ = {isa = PBXFileReference; fileEncoding = 4; lastKnownFileType = sourcecode.c.h; path = "UIKit+AFNetworking.h"; sourceTree = "<group>"; };
		E61DF1BD1AE2A29100796DB0 /* UIProgressView+AFNetworking.h */ = {isa = PBXFileReference; fileEncoding = 4; lastKnownFileType = sourcecode.c.h; path = "UIProgressView+AFNetworking.h"; sourceTree = "<group>"; };
		E61DF1BE1AE2A29100796DB0 /* UIProgressView+AFNetworking.m */ = {isa = PBXFileReference; fileEncoding = 4; lastKnownFileType = sourcecode.c.objc; path = "UIProgressView+AFNetworking.m"; sourceTree = "<group>"; };
		E61DF1BF1AE2A29100796DB0 /* UIRefreshControl+AFNetworking.h */ = {isa = PBXFileReference; fileEncoding = 4; lastKnownFileType = sourcecode.c.h; path = "UIRefreshControl+AFNetworking.h"; sourceTree = "<group>"; };
		E61DF1C01AE2A29100796DB0 /* UIRefreshControl+AFNetworking.m */ = {isa = PBXFileReference; fileEncoding = 4; lastKnownFileType = sourcecode.c.objc; path = "UIRefreshControl+AFNetworking.m"; sourceTree = "<group>"; };
		E61DF1C11AE2A29100796DB0 /* UIWebView+AFNetworking.h */ = {isa = PBXFileReference; fileEncoding = 4; lastKnownFileType = sourcecode.c.h; path = "UIWebView+AFNetworking.h"; sourceTree = "<group>"; };
		E61DF1C21AE2A29100796DB0 /* UIWebView+AFNetworking.m */ = {isa = PBXFileReference; fileEncoding = 4; lastKnownFileType = sourcecode.c.objc; path = "UIWebView+AFNetworking.m"; sourceTree = "<group>"; };
		E61DF1E51AE2BD0E00796DB0 /* Main.storyboard */ = {isa = PBXFileReference; fileEncoding = 4; lastKnownFileType = file.storyboard; path = Main.storyboard; sourceTree = "<group>"; };
		E635F0351AD5669F00D41E08 /* ConnexionViewContoller.h */ = {isa = PBXFileReference; fileEncoding = 4; lastKnownFileType = sourcecode.c.h; path = ConnexionViewContoller.h; sourceTree = "<group>"; };
		E635F0361AD5669F00D41E08 /* ConnexionViewContoller.m */ = {isa = PBXFileReference; fileEncoding = 4; lastKnownFileType = sourcecode.c.objc; path = ConnexionViewContoller.m; sourceTree = "<group>"; };
		E661AC9E1AD3343600916852 /* RadioViewController.h */ = {isa = PBXFileReference; fileEncoding = 4; lastKnownFileType = sourcecode.c.h; path = RadioViewController.h; sourceTree = "<group>"; };
		E661AC9F1AD3343600916852 /* RadioViewController.m */ = {isa = PBXFileReference; fileEncoding = 4; lastKnownFileType = sourcecode.c.objc; path = RadioViewController.m; sourceTree = "<group>"; };
		E673C4DA1AD6AF54006AF698 /* lecteurViewController.h */ = {isa = PBXFileReference; fileEncoding = 4; lastKnownFileType = sourcecode.c.h; path = lecteurViewController.h; sourceTree = "<group>"; };
		E673C4DB1AD6AF54006AF698 /* lecteurViewController.m */ = {isa = PBXFileReference; fileEncoding = 4; lastKnownFileType = sourcecode.c.objc; path = lecteurViewController.m; sourceTree = "<group>"; };
		E673C4DD1AD6B1E4006AF698 /* TokenController.h */ = {isa = PBXFileReference; fileEncoding = 4; lastKnownFileType = sourcecode.c.h; path = TokenController.h; sourceTree = "<group>"; };
		E673C4DE1AD6B1E4006AF698 /* TokenController.m */ = {isa = PBXFileReference; fileEncoding = 4; lastKnownFileType = sourcecode.c.objc; path = TokenController.m; sourceTree = "<group>"; };
		E673C4E01AD8257B006AF698 /* note-de-musique.png */ = {isa = PBXFileReference; lastKnownFileType = image.png; name = "note-de-musique.png"; path = "../note-de-musique.png"; sourceTree = "<group>"; };
		E673C4E21AD8311C006AF698 /* AVFoundation.framework */ = {isa = PBXFileReference; lastKnownFileType = wrapper.framework; name = AVFoundation.framework; path = System/Library/Frameworks/AVFoundation.framework; sourceTree = SDKROOT; };
		E673C4E31AD8311C006AF698 /* AVKit.framework */ = {isa = PBXFileReference; lastKnownFileType = wrapper.framework; name = AVKit.framework; path = System/Library/Frameworks/AVKit.framework; sourceTree = SDKROOT; };
		E673C4E71AD98C03006AF698 /* 01-sofiane-echec_et_mat.mp3 */ = {isa = PBXFileReference; lastKnownFileType = audio.mp3; path = "01-sofiane-echec_et_mat.mp3"; sourceTree = "<group>"; };
		E6A1D5301B07522E00555A2C /* InscriptionViewController.h */ = {isa = PBXFileReference; fileEncoding = 4; lastKnownFileType = sourcecode.c.h; path = InscriptionViewController.h; sourceTree = "<group>"; };
		E6A1D5311B07522E00555A2C /* InscriptionViewController.m */ = {isa = PBXFileReference; fileEncoding = 4; lastKnownFileType = sourcecode.c.objc; path = InscriptionViewController.m; sourceTree = "<group>"; };
/* End PBXFileReference section */

/* Begin PBXFrameworksBuildPhase section */
		E6185B7D1ACD5FFF00E45AEB /* Frameworks */ = {
			isa = PBXFrameworksBuildPhase;
			buildActionMask = 2147483647;
			files = (
				E673C4E41AD8311C006AF698 /* AVFoundation.framework in Frameworks */,
				E673C4E51AD8311C006AF698 /* AVKit.framework in Frameworks */,
			);
			runOnlyForDeploymentPostprocessing = 0;
		};
		E6185B961ACD5FFF00E45AEB /* Frameworks */ = {
			isa = PBXFrameworksBuildPhase;
			buildActionMask = 2147483647;
			files = (
			);
			runOnlyForDeploymentPostprocessing = 0;
		};
/* End PBXFrameworksBuildPhase section */

/* Begin PBXGroup section */
		E6185B771ACD5FFF00E45AEB = {
			isa = PBXGroup;
			children = (
				E673C4E71AD98C03006AF698 /* 01-sofiane-echec_et_mat.mp3 */,
				E673C4E01AD8257B006AF698 /* note-de-musique.png */,
				E673C4E21AD8311C006AF698 /* AVFoundation.framework */,
				E673C4E31AD8311C006AF698 /* AVKit.framework */,
				E6185B821ACD5FFF00E45AEB /* RizeerClientIos */,
				E6185B9C1ACD5FFF00E45AEB /* RizeerClientIosTests */,
				E6185B811ACD5FFF00E45AEB /* Products */,
			);
			sourceTree = "<group>";
		};
		E6185B811ACD5FFF00E45AEB /* Products */ = {
			isa = PBXGroup;
			children = (
				E6185B801ACD5FFF00E45AEB /* RizeerClientIos.app */,
				E6185B991ACD5FFF00E45AEB /* RizeerClientIosTests.xctest */,
			);
			name = Products;
			sourceTree = "<group>";
		};
		E6185B821ACD5FFF00E45AEB /* RizeerClientIos */ = {
			isa = PBXGroup;
			children = (
				E6185B871ACD5FFF00E45AEB /* AppDelegate.h */,
				E6185B881ACD5FFF00E45AEB /* AppDelegate.m */,
				E6185B8A1ACD5FFF00E45AEB /* ViewController.h */,
				E6185B8B1ACD5FFF00E45AEB /* ViewController.m */,
				E6185C381ACD72FA00E45AEB /* NavigationViewController.h */,
				E6185C391ACD72FA00E45AEB /* NavigationViewController.m */,
				E61DF1E51AE2BD0E00796DB0 /* Main.storyboard */,
				E600CA301B0CBA5C00F818A8 /* test.html */,
				E6A1D5301B07522E00555A2C /* InscriptionViewController.h */,
				E6A1D5311B07522E00555A2C /* InscriptionViewController.m */,
				E6185B901ACD5FFF00E45AEB /* Images.xcassets */,
				E6185B921ACD5FFF00E45AEB /* LaunchScreen.xib */,
				E661AC9E1AD3343600916852 /* RadioViewController.h */,
				E661AC9F1AD3343600916852 /* RadioViewController.m */,
				E635F0351AD5669F00D41E08 /* ConnexionViewContoller.h */,
				E635F0361AD5669F00D41E08 /* ConnexionViewContoller.m */,
				E673C4DA1AD6AF54006AF698 /* lecteurViewController.h */,
				E673C4DB1AD6AF54006AF698 /* lecteurViewController.m */,
				E673C4DD1AD6B1E4006AF698 /* TokenController.h */,
				E673C4DE1AD6B1E4006AF698 /* TokenController.m */,
				E6185B831ACD5FFF00E45AEB /* Supporting Files */,
			);
			path = RizeerClientIos;
			sourceTree = "<group>";
		};
		E6185B831ACD5FFF00E45AEB /* Supporting Files */ = {
			isa = PBXGroup;
			children = (
				E61DF1841AE2A29100796DB0 /* AFNetworking */,
				E61DF1981AE2A29100796DB0 /* UIKit+AFNetworking */,
				E6185C341ACD687600E45AEB /* SlideOutMenuFiles */,
				E6185B841ACD5FFF00E45AEB /* Info.plist */,
				E6185B851ACD5FFF00E45AEB /* main.m */,
			);
			name = "Supporting Files";
			sourceTree = "<group>";
		};
		E6185B9C1ACD5FFF00E45AEB /* RizeerClientIosTests */ = {
			isa = PBXGroup;
			children = (
				E6185B9F1ACD5FFF00E45AEB /* RizeerClientIosTests.m */,
				E6185B9D1ACD5FFF00E45AEB /* Supporting Files */,
			);
			path = RizeerClientIosTests;
			sourceTree = "<group>";
		};
		E6185B9D1ACD5FFF00E45AEB /* Supporting Files */ = {
			isa = PBXGroup;
			children = (
				E6185B9E1ACD5FFF00E45AEB /* Info.plist */,
			);
			name = "Supporting Files";
			sourceTree = "<group>";
		};
		E6185C341ACD687600E45AEB /* SlideOutMenuFiles */ = {
			isa = PBXGroup;
			children = (
				E6185C351ACD687600E45AEB /* SWRevealViewController.h */,
				E6185C361ACD687600E45AEB /* SWRevealViewController.m */,
			);
			path = SlideOutMenuFiles;
			sourceTree = "<group>";
		};
		E61DF1841AE2A29100796DB0 /* AFNetworking */ = {
			isa = PBXGroup;
			children = (
				E61DF1851AE2A29100796DB0 /* AFHTTPRequestOperation.h */,
				E61DF1861AE2A29100796DB0 /* AFHTTPRequestOperation.m */,
				E61DF1871AE2A29100796DB0 /* AFHTTPRequestOperationManager.h */,
				E61DF1881AE2A29100796DB0 /* AFHTTPRequestOperationManager.m */,
				E61DF1891AE2A29100796DB0 /* AFHTTPSessionManager.h */,
				E61DF18A1AE2A29100796DB0 /* AFHTTPSessionManager.m */,
				E61DF18B1AE2A29100796DB0 /* AFNetworking.h */,
				E61DF18C1AE2A29100796DB0 /* AFNetworkReachabilityManager.h */,
				E61DF18D1AE2A29100796DB0 /* AFNetworkReachabilityManager.m */,
				E61DF18E1AE2A29100796DB0 /* AFSecurityPolicy.h */,
				E61DF18F1AE2A29100796DB0 /* AFSecurityPolicy.m */,
				E61DF1901AE2A29100796DB0 /* AFURLConnectionOperation.h */,
				E61DF1911AE2A29100796DB0 /* AFURLConnectionOperation.m */,
				E61DF1921AE2A29100796DB0 /* AFURLRequestSerialization.h */,
				E61DF1931AE2A29100796DB0 /* AFURLRequestSerialization.m */,
				E61DF1941AE2A29100796DB0 /* AFURLResponseSerialization.h */,
				E61DF1951AE2A29100796DB0 /* AFURLResponseSerialization.m */,
				E61DF1961AE2A29100796DB0 /* AFURLSessionManager.h */,
				E61DF1971AE2A29100796DB0 /* AFURLSessionManager.m */,
			);
			path = AFNetworking;
			sourceTree = "<group>";
		};
		E61DF1981AE2A29100796DB0 /* UIKit+AFNetworking */ = {
			isa = PBXGroup;
			children = (
				E61DF1991AE2A29100796DB0 /* AFNetworkActivityIndicatorManager.h */,
				E61DF19A1AE2A29100796DB0 /* AFNetworkActivityIndicatorManager.m */,
				E61DF1B41AE2A29100796DB0 /* UIActivityIndicatorView+AFNetworking.h */,
				E61DF1B51AE2A29100796DB0 /* UIActivityIndicatorView+AFNetworking.m */,
				E61DF1B61AE2A29100796DB0 /* UIAlertView+AFNetworking.h */,
				E61DF1B71AE2A29100796DB0 /* UIAlertView+AFNetworking.m */,
				E61DF1B81AE2A29100796DB0 /* UIButton+AFNetworking.h */,
				E61DF1B91AE2A29100796DB0 /* UIButton+AFNetworking.m */,
				E61DF1BA1AE2A29100796DB0 /* UIImageView+AFNetworking.h */,
				E61DF1BB1AE2A29100796DB0 /* UIImageView+AFNetworking.m */,
				E61DF1BC1AE2A29100796DB0 /* UIKit+AFNetworking.h */,
				E61DF1BD1AE2A29100796DB0 /* UIProgressView+AFNetworking.h */,
				E61DF1BE1AE2A29100796DB0 /* UIProgressView+AFNetworking.m */,
				E61DF1BF1AE2A29100796DB0 /* UIRefreshControl+AFNetworking.h */,
				E61DF1C01AE2A29100796DB0 /* UIRefreshControl+AFNetworking.m */,
				E61DF1C11AE2A29100796DB0 /* UIWebView+AFNetworking.h */,
				E61DF1C21AE2A29100796DB0 /* UIWebView+AFNetworking.m */,
			);
			path = "UIKit+AFNetworking";
			sourceTree = "<group>";
		};
/* End PBXGroup section */

/* Begin PBXNativeTarget section */
		E6185B7F1ACD5FFF00E45AEB /* RizeerClientIos */ = {
			isa = PBXNativeTarget;
			buildConfigurationList = E6185BA31ACD5FFF00E45AEB /* Build configuration list for PBXNativeTarget "RizeerClientIos" */;
			buildPhases = (
				E6185B7C1ACD5FFF00E45AEB /* Sources */,
				E6185B7D1ACD5FFF00E45AEB /* Frameworks */,
				E6185B7E1ACD5FFF00E45AEB /* Resources */,
			);
			buildRules = (
			);
			dependencies = (
			);
			name = RizeerClientIos;
			productName = RizeerClientIos;
			productReference = E6185B801ACD5FFF00E45AEB /* RizeerClientIos.app */;
			productType = "com.apple.product-type.application";
		};
		E6185B981ACD5FFF00E45AEB /* RizeerClientIosTests */ = {
			isa = PBXNativeTarget;
			buildConfigurationList = E6185BA61ACD5FFF00E45AEB /* Build configuration list for PBXNativeTarget "RizeerClientIosTests" */;
			buildPhases = (
				E6185B951ACD5FFF00E45AEB /* Sources */,
				E6185B961ACD5FFF00E45AEB /* Frameworks */,
				E6185B971ACD5FFF00E45AEB /* Resources */,
			);
			buildRules = (
			);
			dependencies = (
				E6185B9B1ACD5FFF00E45AEB /* PBXTargetDependency */,
			);
			name = RizeerClientIosTests;
			productName = RizeerClientIosTests;
			productReference = E6185B991ACD5FFF00E45AEB /* RizeerClientIosTests.xctest */;
			productType = "com.apple.product-type.bundle.unit-test";
		};
/* End PBXNativeTarget section */

/* Begin PBXProject section */
		E6185B781ACD5FFF00E45AEB /* Project object */ = {
			isa = PBXProject;
			attributes = {
				LastUpgradeCheck = 0620;
				ORGANIZATIONNAME = "Youssef Amri";
				TargetAttributes = {
					E6185B7F1ACD5FFF00E45AEB = {
						CreatedOnToolsVersion = 6.2;
					};
					E6185B981ACD5FFF00E45AEB = {
						CreatedOnToolsVersion = 6.2;
						TestTargetID = E6185B7F1ACD5FFF00E45AEB;
					};
				};
			};
			buildConfigurationList = E6185B7B1ACD5FFF00E45AEB /* Build configuration list for PBXProject "RizeerClientIos" */;
			compatibilityVersion = "Xcode 3.2";
			developmentRegion = English;
			hasScannedForEncodings = 0;
			knownRegions = (
				en,
				Base,
			);
			mainGroup = E6185B771ACD5FFF00E45AEB;
			productRefGroup = E6185B811ACD5FFF00E45AEB /* Products */;
			projectDirPath = "";
			projectRoot = "";
			targets = (
				E6185B7F1ACD5FFF00E45AEB /* RizeerClientIos */,
				E6185B981ACD5FFF00E45AEB /* RizeerClientIosTests */,
			);
		};
/* End PBXProject section */

/* Begin PBXResourcesBuildPhase section */
		E6185B7E1ACD5FFF00E45AEB /* Resources */ = {
			isa = PBXResourcesBuildPhase;
			buildActionMask = 2147483647;
			files = (
				E673C4E11AD8257B006AF698 /* note-de-musique.png in Resources */,
				E61DF1E61AE2BD0E00796DB0 /* Main.storyboard in Resources */,
				E600CA311B0CBA5C00F818A8 /* test.html in Resources */,
				E6185B941ACD5FFF00E45AEB /* LaunchScreen.xib in Resources */,
				E6185B911ACD5FFF00E45AEB /* Images.xcassets in Resources */,
				E673C4E81AD98C03006AF698 /* 01-sofiane-echec_et_mat.mp3 in Resources */,
			);
			runOnlyForDeploymentPostprocessing = 0;
		};
		E6185B971ACD5FFF00E45AEB /* Resources */ = {
			isa = PBXResourcesBuildPhase;
			buildActionMask = 2147483647;
			files = (
			);
			runOnlyForDeploymentPostprocessing = 0;
		};
/* End PBXResourcesBuildPhase section */

/* Begin PBXSourcesBuildPhase section */
		E6185B7C1ACD5FFF00E45AEB /* Sources */ = {
			isa = PBXSourcesBuildPhase;
			buildActionMask = 2147483647;
			files = (
				E61DF1C71AE2A29100796DB0 /* AFSecurityPolicy.m in Sources */,
				E673C4DC1AD6AF54006AF698 /* lecteurViewController.m in Sources */,
				E61DF1C61AE2A29100796DB0 /* AFNetworkReachabilityManager.m in Sources */,
				E661ACA01AD3343600916852 /* RadioViewController.m in Sources */,
				E6A1D5321B07522E00555A2C /* InscriptionViewController.m in Sources */,
				E61DF1CC1AE2A29100796DB0 /* AFNetworkActivityIndicatorManager.m in Sources */,
				E61DF1C81AE2A29100796DB0 /* AFURLConnectionOperation.m in Sources */,
				E61DF1C31AE2A29100796DB0 /* AFHTTPRequestOperation.m in Sources */,
				E61DF1DC1AE2A29100796DB0 /* UIButton+AFNetworking.m in Sources */,
				E61DF1C51AE2A29100796DB0 /* AFHTTPSessionManager.m in Sources */,
				E61DF1DD1AE2A29100796DB0 /* UIImageView+AFNetworking.m in Sources */,
				E61DF1DE1AE2A29100796DB0 /* UIProgressView+AFNetworking.m in Sources */,
				E61DF1C91AE2A29100796DB0 /* AFURLRequestSerialization.m in Sources */,
				E6185B8C1ACD5FFF00E45AEB /* ViewController.m in Sources */,
				E61DF1E01AE2A29100796DB0 /* UIWebView+AFNetworking.m in Sources */,
				E61DF1CB1AE2A29100796DB0 /* AFURLSessionManager.m in Sources */,
				E673C4DF1AD6B1E4006AF698 /* TokenController.m in Sources */,
				E61DF1C41AE2A29100796DB0 /* AFHTTPRequestOperationManager.m in Sources */,
				E6185B891ACD5FFF00E45AEB /* AppDelegate.m in Sources */,
				E61DF1DF1AE2A29100796DB0 /* UIRefreshControl+AFNetworking.m in Sources */,
				E61DF1CA1AE2A29100796DB0 /* AFURLResponseSerialization.m in Sources */,
				E61DF1DA1AE2A29100796DB0 /* UIActivityIndicatorView+AFNetworking.m in Sources */,
				E6185C3A1ACD72FA00E45AEB /* NavigationViewController.m in Sources */,
				E61DF1DB1AE2A29100796DB0 /* UIAlertView+AFNetworking.m in Sources */,
				E6185C371ACD687600E45AEB /* SWRevealViewController.m in Sources */,
				E6185B861ACD5FFF00E45AEB /* main.m in Sources */,
				E635F0371AD5669F00D41E08 /* ConnexionViewContoller.m in Sources */,
			);
			runOnlyForDeploymentPostprocessing = 0;
		};
		E6185B951ACD5FFF00E45AEB /* Sources */ = {
			isa = PBXSourcesBuildPhase;
			buildActionMask = 2147483647;
			files = (
				E6185BA01ACD5FFF00E45AEB /* RizeerClientIosTests.m in Sources */,
			);
			runOnlyForDeploymentPostprocessing = 0;
		};
/* End PBXSourcesBuildPhase section */

/* Begin PBXTargetDependency section */
		E6185B9B1ACD5FFF00E45AEB /* PBXTargetDependency */ = {
			isa = PBXTargetDependency;
			target = E6185B7F1ACD5FFF00E45AEB /* RizeerClientIos */;
			targetProxy = E6185B9A1ACD5FFF00E45AEB /* PBXContainerItemProxy */;
		};
/* End PBXTargetDependency section */

/* Begin PBXVariantGroup section */
		E6185B921ACD5FFF00E45AEB /* LaunchScreen.xib */ = {
			isa = PBXVariantGroup;
			children = (
				E6185B931ACD5FFF00E45AEB /* Base */,
			);
			name = LaunchScreen.xib;
			sourceTree = "<group>";
		};
/* End PBXVariantGroup section */

/* Begin XCBuildConfiguration section */
		E6185BA11ACD5FFF00E45AEB /* Debug */ = {
			isa = XCBuildConfiguration;
			buildSettings = {
				ALWAYS_SEARCH_USER_PATHS = NO;
				CLANG_CXX_LANGUAGE_STANDARD = "gnu++0x";
				CLANG_CXX_LIBRARY = "libc++";
				CLANG_ENABLE_MODULES = YES;
				CLANG_ENABLE_OBJC_ARC = YES;
				CLANG_WARN_BOOL_CONVERSION = YES;
				CLANG_WARN_CONSTANT_CONVERSION = YES;
				CLANG_WARN_DIRECT_OBJC_ISA_USAGE = YES_ERROR;
				CLANG_WARN_EMPTY_BODY = YES;
				CLANG_WARN_ENUM_CONVERSION = YES;
				CLANG_WARN_INT_CONVERSION = YES;
				CLANG_WARN_OBJC_ROOT_CLASS = YES_ERROR;
				CLANG_WARN_UNREACHABLE_CODE = YES;
				CLANG_WARN__DUPLICATE_METHOD_MATCH = YES;
				"CODE_SIGN_IDENTITY[sdk=iphoneos*]" = "iPhone Developer";
				COPY_PHASE_STRIP = NO;
				ENABLE_STRICT_OBJC_MSGSEND = YES;
				GCC_C_LANGUAGE_STANDARD = gnu99;
				GCC_DYNAMIC_NO_PIC = NO;
				GCC_OPTIMIZATION_LEVEL = 0;
				GCC_PREPROCESSOR_DEFINITIONS = (
					"DEBUG=1",
					"$(inherited)",
				);
				GCC_SYMBOLS_PRIVATE_EXTERN = NO;
				GCC_WARN_64_TO_32_BIT_CONVERSION = YES;
				GCC_WARN_ABOUT_RETURN_TYPE = YES_ERROR;
				GCC_WARN_UNDECLARED_SELECTOR = YES;
				GCC_WARN_UNINITIALIZED_AUTOS = YES_AGGRESSIVE;
				GCC_WARN_UNUSED_FUNCTION = YES;
				GCC_WARN_UNUSED_VARIABLE = YES;
				IPHONEOS_DEPLOYMENT_TARGET = 8.2;
				MTL_ENABLE_DEBUG_INFO = YES;
				ONLY_ACTIVE_ARCH = YES;
				SDKROOT = iphoneos;
			};
			name = Debug;
		};
		E6185BA21ACD5FFF00E45AEB /* Release */ = {
			isa = XCBuildConfiguration;
			buildSettings = {
				ALWAYS_SEARCH_USER_PATHS = NO;
				CLANG_CXX_LANGUAGE_STANDARD = "gnu++0x";
				CLANG_CXX_LIBRARY = "libc++";
				CLANG_ENABLE_MODULES = YES;
				CLANG_ENABLE_OBJC_ARC = YES;
				CLANG_WARN_BOOL_CONVERSION = YES;
				CLANG_WARN_CONSTANT_CONVERSION = YES;
				CLANG_WARN_DIRECT_OBJC_ISA_USAGE = YES_ERROR;
				CLANG_WARN_EMPTY_BODY = YES;
				CLANG_WARN_ENUM_CONVERSION = YES;
				CLANG_WARN_INT_CONVERSION = YES;
				CLANG_WARN_OBJC_ROOT_CLASS = YES_ERROR;
				CLANG_WARN_UNREACHABLE_CODE = YES;
				CLANG_WARN__DUPLICATE_METHOD_MATCH = YES;
				"CODE_SIGN_IDENTITY[sdk=iphoneos*]" = "iPhone Developer";
				COPY_PHASE_STRIP = NO;
				ENABLE_NS_ASSERTIONS = NO;
				ENABLE_STRICT_OBJC_MSGSEND = YES;
				GCC_C_LANGUAGE_STANDARD = gnu99;
				GCC_WARN_64_TO_32_BIT_CONVERSION = YES;
				GCC_WARN_ABOUT_RETURN_TYPE = YES_ERROR;
				GCC_WARN_UNDECLARED_SELECTOR = YES;
				GCC_WARN_UNINITIALIZED_AUTOS = YES_AGGRESSIVE;
				GCC_WARN_UNUSED_FUNCTION = YES;
				GCC_WARN_UNUSED_VARIABLE = YES;
				IPHONEOS_DEPLOYMENT_TARGET = 8.2;
				MTL_ENABLE_DEBUG_INFO = NO;
				SDKROOT = iphoneos;
				VALIDATE_PRODUCT = YES;
			};
			name = Release;
		};
		E6185BA41ACD5FFF00E45AEB /* Debug */ = {
			isa = XCBuildConfiguration;
			buildSettings = {
				ASSETCATALOG_COMPILER_APPICON_NAME = AppIcon;
				FRAMEWORK_SEARCH_PATHS = (
					"$(inherited)",
					"$(PROJECT_DIR)/RizeerClientIos",
				);
				INFOPLIST_FILE = RizeerClientIos/Info.plist;
				LD_RUNPATH_SEARCH_PATHS = "$(inherited) @executable_path/Frameworks";
				PRODUCT_NAME = "$(TARGET_NAME)";
				TARGETED_DEVICE_FAMILY = "1,2";
			};
			name = Debug;
		};
		E6185BA51ACD5FFF00E45AEB /* Release */ = {
			isa = XCBuildConfiguration;
			buildSettings = {
				ASSETCATALOG_COMPILER_APPICON_NAME = AppIcon;
				FRAMEWORK_SEARCH_PATHS = (
					"$(inherited)",
					"$(PROJECT_DIR)/RizeerClientIos",
				);
				INFOPLIST_FILE = RizeerClientIos/Info.plist;
				LD_RUNPATH_SEARCH_PATHS = "$(inherited) @executable_path/Frameworks";
				PRODUCT_NAME = "$(TARGET_NAME)";
				TARGETED_DEVICE_FAMILY = "1,2";
			};
			name = Release;
		};
		E6185BA71ACD5FFF00E45AEB /* Debug */ = {
			isa = XCBuildConfiguration;
			buildSettings = {
				BUNDLE_LOADER = "$(TEST_HOST)";
				FRAMEWORK_SEARCH_PATHS = (
					"$(SDKROOT)/Developer/Library/Frameworks",
					"$(inherited)",
				);
				GCC_PREPROCESSOR_DEFINITIONS = (
					"DEBUG=1",
					"$(inherited)",
				);
				INFOPLIST_FILE = RizeerClientIosTests/Info.plist;
				LD_RUNPATH_SEARCH_PATHS = "$(inherited) @executable_path/Frameworks @loader_path/Frameworks";
				PRODUCT_NAME = "$(TARGET_NAME)";
				TEST_HOST = "$(BUILT_PRODUCTS_DIR)/RizeerClientIos.app/RizeerClientIos";
			};
			name = Debug;
		};
		E6185BA81ACD5FFF00E45AEB /* Release */ = {
			isa = XCBuildConfiguration;
			buildSettings = {
				BUNDLE_LOADER = "$(TEST_HOST)";
				FRAMEWORK_SEARCH_PATHS = (
					"$(SDKROOT)/Developer/Library/Frameworks",
					"$(inherited)",
				);
				INFOPLIST_FILE = RizeerClientIosTests/Info.plist;
				LD_RUNPATH_SEARCH_PATHS = "$(inherited) @executable_path/Frameworks @loader_path/Frameworks";
				PRODUCT_NAME = "$(TARGET_NAME)";
				TEST_HOST = "$(BUILT_PRODUCTS_DIR)/RizeerClientIos.app/RizeerClientIos";
			};
			name = Release;
		};
/* End XCBuildConfiguration section */

/* Begin XCConfigurationList section */
		E6185B7B1ACD5FFF00E45AEB /* Build configuration list for PBXProject "RizeerClientIos" */ = {
			isa = XCConfigurationList;
			buildConfigurations = (
				E6185BA11ACD5FFF00E45AEB /* Debug */,
				E6185BA21ACD5FFF00E45AEB /* Release */,
			);
			defaultConfigurationIsVisible = 0;
			defaultConfigurationName = Release;
		};
		E6185BA31ACD5FFF00E45AEB /* Build configuration list for PBXNativeTarget "RizeerClientIos" */ = {
			isa = XCConfigurationList;
			buildConfigurations = (
				E6185BA41ACD5FFF00E45AEB /* Debug */,
				E6185BA51ACD5FFF00E45AEB /* Release */,
			);
			defaultConfigurationIsVisible = 0;
			defaultConfigurationName = Release;
		};
		E6185BA61ACD5FFF00E45AEB /* Build configuration list for PBXNativeTarget "RizeerClientIosTests" */ = {
			isa = XCConfigurationList;
			buildConfigurations = (
				E6185BA71ACD5FFF00E45AEB /* Debug */,
				E6185BA81ACD5FFF00E45AEB /* Release */,
			);
			defaultConfigurationIsVisible = 0;
			defaultConfigurationName = Release;
		};
/* End XCConfigurationList section */
	};
	rootObject = E6185B781ACD5FFF00E45AEB /* Project object */;
}
